{
  "name": "sidekick",
  "version": "1.0.0",
  "lockfileVersion": 3,
  "requires": true,
  "packages": {
    "": {
      "name": "sidekick",
      "version": "1.0.0",
      "license": "ISC",
      "dependencies": {
        "@11labs/client": "^0.1.3",
        "@mozilla/readability": "^0.6.0"
      }
    },
    "node_modules/@11labs/client": {
      "version": "0.1.3",
      "resolved": "https://registry.npmjs.org/@11labs/client/-/client-0.1.3.tgz",
      "integrity": "sha512-Mvr+jau4bNq74Sm/e7pyu4pW7mkJGn7g4gfPQw0TH4RgSlCOeU355ZZ1Y/1w8U2OqUU2kV5qnLBG3yqOJn1QjA==",
      "license": "MIT"
    },
    "node_modules/@mozilla/readability": {
      "version": "0.6.0",
      "resolved": "https://registry.npmjs.org/@mozilla/readability/-/readability-0.6.0.tgz",
      "integrity": "sha512-juG5VWh4qAivzTAeMzvY9xs9HY5rAcr2E4I7tiSSCokRFi7XIZCAu92ZkSTsIj1OPceCifL3cpfteP3pDT9/QQ==",
      "license": "Apache-2.0",
      "engines": {
        "node": ">=14.0.0"
      }
    }
  }
}
